
Microsoft Visual Studio Solution File, Format Version 12.00
# Visual Studio Version 17
VisualStudioVersion = 17.1.32421.90
MinimumVisualStudioVersion = 10.0.40219.1
Project("{9A19103F-16F7-4668-BE54-9A1E7A4F7556}") = "VandasPage", "VandasPage.csproj", "{924C8933-CBB1-4B7C-99BD-CC7862A80286}"
EndProject
Project("{FAE04EC0-301F-11D3-BF4B-00C04F79EFBC}") = "TestProjeckt", "..\TestProjeckt\TestProjeckt.csproj", "{3AB35476-ABC8-405E-9382-751B2519A777}"
EndProject
Global
	GlobalSection(SolutionConfigurationPlatforms) = preSolution
		Debug|Any CPU = Debug|Any CPU
		Release|Any CPU = Release|Any CPU
	EndGlobalSection
	GlobalSection(ProjectConfigurationPlatforms) = postSolution
		{924C8933-CBB1-4B7C-99BD-CC7862A80286}.Debug|Any CPU.ActiveCfg = Debug|Any CPU
		{924C8933-CBB1-4B7C-99BD-CC7862A80286}.Debug|Any CPU.Build.0 = Debug|Any CPU
		{924C8933-CBB1-4B7C-99BD-CC7862A80286}.Release|Any CPU.ActiveCfg = Release|Any CPU
		{924C8933-CBB1-4B7C-99BD-CC7862A80286}.Release|Any CPU.Build.0 = Release|Any CPU
		{3AB35476-ABC8-405E-9382-751B2519A777}.Debug|Any CPU.ActiveCfg = Debug|Any CPU
		{3AB35476-ABC8-405E-9382-751B2519A777}.Debug|Any CPU.Build.0 = Debug|Any CPU
		{3AB35476-ABC8-405E-9382-751B2519A777}.Release|Any CPU.ActiveCfg = Release|Any CPU
		{3AB35476-ABC8-405E-9382-751B2519A777}.Release|Any CPU.Build.0 = Release|Any CPU
	EndGlobalSection
	GlobalSection(SolutionProperties) = preSolution
		HideSolutionNode = FALSE
	EndGlobalSection
	GlobalSection(ExtensibilityGlobals) = postSolution
		SolutionGuid = {32D5EF92-7C7C-46B3-87CE-1D3D50F4BBC2}
	EndGlobalSection
EndGlobal
